
Microsoft Visual Studio Solution File, Format Version 11.00
# Visual Studio 2010
Project("{FAE04EC0-301F-11D3-BF4B-00C04F79EFBC}") = "UnityEngine.TestRunner", "UnityEngine.TestRunner.csproj", "{2778ffbc-9ca3-f29a-7906-42464e4cdd8a}"
EndProject
Project("{FAE04EC0-301F-11D3-BF4B-00C04F79EFBC}") = "UnityEngine.UI", "UnityEngine.UI.csproj", "{5696efbd-1b87-4996-bc36-fbb669616639}"
EndProject
Project("{FAE04EC0-301F-11D3-BF4B-00C04F79EFBC}") = "Unity.VisualScripting.Flow", "Unity.VisualScripting.Flow.csproj", "{b3ceb24b-1466-b87a-b6fe-d8c3c98709b9}"
EndProject
Project("{FAE04EC0-301F-11D3-BF4B-00C04F79EFBC}") = "Unity.VisualScripting.State", "Unity.VisualScripting.State.csproj", "{c6729eeb-07df-ee2a-9ce9-a2fd1779d95b}"
EndProject
Project("{FAE04EC0-301F-11D3-BF4B-00C04F79EFBC}") = "Unity.VisualScripting.Core", "Unity.VisualScripting.Core.csproj", "{8517e284-0707-5f77-cbeb-6ab1ba8ab063}"
EndProject
Project("{FAE04EC0-301F-11D3-BF4B-00C04F79EFBC}") = "Unity.TextMeshPro", "Unity.TextMeshPro.csproj", "{7636321d-770f-d765-c9a5-dcdfc267602d}"
EndProject
Project("{FAE04EC0-301F-11D3-BF4B-00C04F79EFBC}") = "Unity.Timeline", "Unity.Timeline.csproj", "{2ce91b7e-2e68-a309-3fe3-dc92311c8509}"
EndProject
Project("{FAE04EC0-301F-11D3-BF4B-00C04F79EFBC}") = "Unity.PlasticSCM.Editor", "Unity.PlasticSCM.Editor.csproj", "{b9f2f22f-6fc3-2f4a-70e0-515359c45370}"
EndProject
Project("{FAE04EC0-301F-11D3-BF4B-00C04F79EFBC}") = "Unity.VisualScripting.Core.Editor", "Unity.VisualScripting.Core.Editor.csproj", "{39918ace-8fe1-9f45-3efe-34db67c2fb1e}"
EndProject
Project("{FAE04EC0-301F-11D3-BF4B-00C04F79EFBC}") = "Unity.VisualScripting.Flow.Editor", "Unity.VisualScripting.Flow.Editor.csproj", "{3384779a-6608-8630-d5e4-457f23025932}"
EndProject
Project("{FAE04EC0-301F-11D3-BF4B-00C04F79EFBC}") = "Unity.VisualStudio.Editor", "Unity.VisualStudio.Editor.csproj", "{190ea507-dd65-6612-10d6-8aeb2530f231}"
EndProject
Project("{FAE04EC0-301F-11D3-BF4B-00C04F79EFBC}") = "Unity.Timeline.Editor", "Unity.Timeline.Editor.csproj", "{6a4ee1f0-4408-a78a-e2ca-88704bb9a52f}"
EndProject
Project("{FAE04EC0-301F-11D3-BF4B-00C04F79EFBC}") = "Unity.VisualScripting.State.Editor", "Unity.VisualScripting.State.Editor.csproj", "{00c22ccb-3201-5ab2-b91f-687d5bfe371e}"
EndProject
Project("{FAE04EC0-301F-11D3-BF4B-00C04F79EFBC}") = "Unity.TextMeshPro.Editor", "Unity.TextMeshPro.Editor.csproj", "{b2701755-85f2-3e7c-1134-10deca2333b4}"
EndProject
Project("{FAE04EC0-301F-11D3-BF4B-00C04F79EFBC}") = "Unity.VisualScripting.SettingsProvider.Editor", "Unity.VisualScripting.SettingsProvider.Editor.csproj", "{71c8c920-df17-76d2-3579-acf7a39d2b21}"
EndProject
Project("{FAE04EC0-301F-11D3-BF4B-00C04F79EFBC}") = "UnityEditor.TestRunner", "UnityEditor.TestRunner.csproj", "{20c14b5f-5b02-0916-8cd6-c7d41846fa75}"
EndProject
Project("{FAE04EC0-301F-11D3-BF4B-00C04F79EFBC}") = "Unity.TestTools.CodeCoverage.Editor", "Unity.TestTools.CodeCoverage.Editor.csproj", "{20f8ba41-121d-3b5e-1bd9-0245caacfb4c}"
EndProject
Project("{FAE04EC0-301F-11D3-BF4B-00C04F79EFBC}") = "Unity.Rider.Editor", "Unity.Rider.Editor.csproj", "{baee323e-3b0e-05f7-1e14-551560e7f27f}"
EndProject
Project("{FAE04EC0-301F-11D3-BF4B-00C04F79EFBC}") = "Unity.Performance.Profile-Analyzer.Editor", "Unity.Performance.Profile-Analyzer.Editor.csproj", "{9fce956e-3ac2-d459-27c2-dd57320ea77a}"
EndProject
Project("{FAE04EC0-301F-11D3-BF4B-00C04F79EFBC}") = "Unity.SysrootPackage.Editor", "Unity.SysrootPackage.Editor.csproj", "{f4ccf5c2-19ac-9bad-dd64-1cd328588c00}"
EndProject
Project("{FAE04EC0-301F-11D3-BF4B-00C04F79EFBC}") = "Unity.VSCode.Editor", "Unity.VSCode.Editor.csproj", "{3bfff0ff-3a6b-71e6-5df7-f6dd2ab0ed95}"
EndProject
Project("{FAE04EC0-301F-11D3-BF4B-00C04F79EFBC}") = "UnityEditor.UI", "UnityEditor.UI.csproj", "{4c9c0423-9192-22aa-8a98-20d19ea9c79f}"
EndProject
Project("{FAE04EC0-301F-11D3-BF4B-00C04F79EFBC}") = "Unity.TestTools.CodeCoverage.Editor.OpenCover.Model", "Unity.TestTools.CodeCoverage.Editor.OpenCover.Model.csproj", "{91ccbe13-b434-567a-b0dd-177bfab4b37d}"
EndProject
Project("{FAE04EC0-301F-11D3-BF4B-00C04F79EFBC}") = "Unity.EditorCoroutines.Editor", "Unity.EditorCoroutines.Editor.csproj", "{4249035c-e20b-0ee4-aa52-e0ad8c32e614}"
EndProject
Project("{FAE04EC0-301F-11D3-BF4B-00C04F79EFBC}") = "Unity.Settings.Editor", "Unity.Settings.Editor.csproj", "{1bed7d6e-b255-f625-fe20-3373e034af9e}"
EndProject
Project("{FAE04EC0-301F-11D3-BF4B-00C04F79EFBC}") = "Unity.CollabProxy.Editor", "Unity.CollabProxy.Editor.csproj", "{d2435b45-0ed9-e3a8-3e6a-328d67c09ecd}"
EndProject
Project("{FAE04EC0-301F-11D3-BF4B-00C04F79EFBC}") = "Unity.TestTools.CodeCoverage.Editor.OpenCover.Mono.Reflection", "Unity.TestTools.CodeCoverage.Editor.OpenCover.Mono.Reflection.csproj", "{784c5d64-4c62-794d-8444-cd990acd1a4d}"
EndProject
Project("{FAE04EC0-301F-11D3-BF4B-00C04F79EFBC}") = "Unity.Sysroot.Linux_x86_64", "Unity.Sysroot.Linux_x86_64.csproj", "{1251c981-fd56-d975-8434-a204fdec4f29}"
EndProject
Project("{FAE04EC0-301F-11D3-BF4B-00C04F79EFBC}") = "Unity.VisualScripting.Shared.Editor", "Unity.VisualScripting.Shared.Editor.csproj", "{d128c418-5471-6866-1aa9-2f2e3327e6c5}"
EndProject
Project("{FAE04EC0-301F-11D3-BF4B-00C04F79EFBC}") = "Unity.Toolchain.Linux-x86_64", "Unity.Toolchain.Linux-x86_64.csproj", "{08d32242-bb76-8c51-29ad-d401c004231d}"
EndProject
Global
	GlobalSection(SolutionConfigurationPlatforms) = preSolution
		Debug|Any CPU = Debug|Any CPU
	EndGlobalSection
	GlobalSection(ProjectConfigurationPlatforms) = postSolution
		{2778ffbc-9ca3-f29a-7906-42464e4cdd8a}.Debug|Any CPU.ActiveCfg = Debug|Any CPU
		{2778ffbc-9ca3-f29a-7906-42464e4cdd8a}.Debug|Any CPU.Build.0 = Debug|Any CPU
		{5696efbd-1b87-4996-bc36-fbb669616639}.Debug|Any CPU.ActiveCfg = Debug|Any CPU
		{5696efbd-1b87-4996-bc36-fbb669616639}.Debug|Any CPU.Build.0 = Debug|Any CPU
		{b3ceb24b-1466-b87a-b6fe-d8c3c98709b9}.Debug|Any CPU.ActiveCfg = Debug|Any CPU
		{b3ceb24b-1466-b87a-b6fe-d8c3c98709b9}.Debug|Any CPU.Build.0 = Debug|Any CPU
		{c6729eeb-07df-ee2a-9ce9-a2fd1779d95b}.Debug|Any CPU.ActiveCfg = Debug|Any CPU
		{c6729eeb-07df-ee2a-9ce9-a2fd1779d95b}.Debug|Any CPU.Build.0 = Debug|Any CPU
		{8517e284-0707-5f77-cbeb-6ab1ba8ab063}.Debug|Any CPU.ActiveCfg = Debug|Any CPU
		{8517e284-0707-5f77-cbeb-6ab1ba8ab063}.Debug|Any CPU.Build.0 = Debug|Any CPU
		{7636321d-770f-d765-c9a5-dcdfc267602d}.Debug|Any CPU.ActiveCfg = Debug|Any CPU
		{7636321d-770f-d765-c9a5-dcdfc267602d}.Debug|Any CPU.Build.0 = Debug|Any CPU
		{2ce91b7e-2e68-a309-3fe3-dc92311c8509}.Debug|Any CPU.ActiveCfg = Debug|Any CPU
		{2ce91b7e-2e68-a309-3fe3-dc92311c8509}.Debug|Any CPU.Build.0 = Debug|Any CPU
		{b9f2f22f-6fc3-2f4a-70e0-515359c45370}.Debug|Any CPU.ActiveCfg = Debug|Any CPU
		{b9f2f22f-6fc3-2f4a-70e0-515359c45370}.Debug|Any CPU.Build.0 = Debug|Any CPU
		{39918ace-8fe1-9f45-3efe-34db67c2fb1e}.Debug|Any CPU.ActiveCfg = Debug|Any CPU
		{39918ace-8fe1-9f45-3efe-34db67c2fb1e}.Debug|Any CPU.Build.0 = Debug|Any CPU
		{3384779a-6608-8630-d5e4-457f23025932}.Debug|Any CPU.ActiveCfg = Debug|Any CPU
		{3384779a-6608-8630-d5e4-457f23025932}.Debug|Any CPU.Build.0 = Debug|Any CPU
		{190ea507-dd65-6612-10d6-8aeb2530f231}.Debug|Any CPU.ActiveCfg = Debug|Any CPU
		{190ea507-dd65-6612-10d6-8aeb2530f231}.Debug|Any CPU.Build.0 = Debug|Any CPU
		{6a4ee1f0-4408-a78a-e2ca-88704bb9a52f}.Debug|Any CPU.ActiveCfg = Debug|Any CPU
		{6a4ee1f0-4408-a78a-e2ca-88704bb9a52f}.Debug|Any CPU.Build.0 = Debug|Any CPU
		{00c22ccb-3201-5ab2-b91f-687d5bfe371e}.Debug|Any CPU.ActiveCfg = Debug|Any CPU
		{00c22ccb-3201-5ab2-b91f-687d5bfe371e}.Debug|Any CPU.Build.0 = Debug|Any CPU
		{b2701755-85f2-3e7c-1134-10deca2333b4}.Debug|Any CPU.ActiveCfg = Debug|Any CPU
		{b2701755-85f2-3e7c-1134-10deca2333b4}.Debug|Any CPU.Build.0 = Debug|Any CPU
		{71c8c920-df17-76d2-3579-acf7a39d2b21}.Debug|Any CPU.ActiveCfg = Debug|Any CPU
		{71c8c920-df17-76d2-3579-acf7a39d2b21}.Debug|Any CPU.Build.0 = Debug|Any CPU
		{20c14b5f-5b02-0916-8cd6-c7d41846fa75}.Debug|Any CPU.ActiveCfg = Debug|Any CPU
		{20c14b5f-5b02-0916-8cd6-c7d41846fa75}.Debug|Any CPU.Build.0 = Debug|Any CPU
		{20f8ba41-121d-3b5e-1bd9-0245caacfb4c}.Debug|Any CPU.ActiveCfg = Debug|Any CPU
		{20f8ba41-121d-3b5e-1bd9-0245caacfb4c}.Debug|Any CPU.Build.0 = Debug|Any CPU
		{baee323e-3b0e-05f7-1e14-551560e7f27f}.Debug|Any CPU.ActiveCfg = Debug|Any CPU
		{baee323e-3b0e-05f7-1e14-551560e7f27f}.Debug|Any CPU.Build.0 = Debug|Any CPU
		{9fce956e-3ac2-d459-27c2-dd57320ea77a}.Debug|Any CPU.ActiveCfg = Debug|Any CPU
		{9fce956e-3ac2-d459-27c2-dd57320ea77a}.Debug|Any CPU.Build.0 = Debug|Any CPU
		{f4ccf5c2-19ac-9bad-dd64-1cd328588c00}.Debug|Any CPU.ActiveCfg = Debug|Any CPU
		{f4ccf5c2-19ac-9bad-dd64-1cd328588c00}.Debug|Any CPU.Build.0 = Debug|Any CPU
		{3bfff0ff-3a6b-71e6-5df7-f6dd2ab0ed95}.Debug|Any CPU.ActiveCfg = Debug|Any CPU
		{3bfff0ff-3a6b-71e6-5df7-f6dd2ab0ed95}.Debug|Any CPU.Build.0 = Debug|Any CPU
		{4c9c0423-9192-22aa-8a98-20d19ea9c79f}.Debug|Any CPU.ActiveCfg = Debug|Any CPU
		{4c9c0423-9192-22aa-8a98-20d19ea9c79f}.Debug|Any CPU.Build.0 = Debug|Any CPU
		{91ccbe13-b434-567a-b0dd-177bfab4b37d}.Debug|Any CPU.ActiveCfg = Debug|Any CPU
		{91ccbe13-b434-567a-b0dd-177bfab4b37d}.Debug|Any CPU.Build.0 = Debug|Any CPU
		{4249035c-e20b-0ee4-aa52-e0ad8c32e614}.Debug|Any CPU.ActiveCfg = Debug|Any CPU
		{4249035c-e20b-0ee4-aa52-e0ad8c32e614}.Debug|Any CPU.Build.0 = Debug|Any CPU
		{1bed7d6e-b255-f625-fe20-3373e034af9e}.Debug|Any CPU.ActiveCfg = Debug|Any CPU
		{1bed7d6e-b255-f625-fe20-3373e034af9e}.Debug|Any CPU.Build.0 = Debug|Any CPU
		{d2435b45-0ed9-e3a8-3e6a-328d67c09ecd}.Debug|Any CPU.ActiveCfg = Debug|Any CPU
		{d2435b45-0ed9-e3a8-3e6a-328d67c09ecd}.Debug|Any CPU.Build.0 = Debug|Any CPU
		{784c5d64-4c62-794d-8444-cd990acd1a4d}.Debug|Any CPU.ActiveCfg = Debug|Any CPU
		{784c5d64-4c62-794d-8444-cd990acd1a4d}.Debug|Any CPU.Build.0 = Debug|Any CPU
		{1251c981-fd56-d975-8434-a204fdec4f29}.Debug|Any CPU.ActiveCfg = Debug|Any CPU
		{1251c981-fd56-d975-8434-a204fdec4f29}.Debug|Any CPU.Build.0 = Debug|Any CPU
		{d128c418-5471-6866-1aa9-2f2e3327e6c5}.Debug|Any CPU.ActiveCfg = Debug|Any CPU
		{d128c418-5471-6866-1aa9-2f2e3327e6c5}.Debug|Any CPU.Build.0 = Debug|Any CPU
		{08d32242-bb76-8c51-29ad-d401c004231d}.Debug|Any CPU.ActiveCfg = Debug|Any CPU
		{08d32242-bb76-8c51-29ad-d401c004231d}.Debug|Any CPU.Build.0 = Debug|Any CPU
	EndGlobalSection
	GlobalSection(SolutionProperties) = preSolution
		HideSolutionNode = FALSE
	EndGlobalSection
EndGlobal
